// !$*UTF8*$!
{
	archiveVersion = 1;
	classes = {
	};
	objectVersion = 56;
	objects = {

/* Begin PBXBuildFile section */
		9B30E6002B212EA600E83A0F /* Person.swift in Sources */ = {isa = PBXBuildFile; fileRef = 9B30E5FF2B212EA600E83A0F /* Person.swift */; };
		9B30E6022B212FA900E83A0F /* Project.swift in Sources */ = {isa = PBXBuildFile; fileRef = 9B30E6012B212FA900E83A0F /* Project.swift */; };
		9B30E6042B21303000E83A0F /* SocialMedia.swift in Sources */ = {isa = PBXBuildFile; fileRef = 9B30E6032B21303000E83A0F /* SocialMedia.swift */; };
		9B30E6062B21392700E83A0F /* PersonProfilePicture.swift in Sources */ = {isa = PBXBuildFile; fileRef = 9B30E6052B21392700E83A0F /* PersonProfilePicture.swift */; };
		9B67930A2B1FE0EA00E16177 /* TilinAppApp.swift in Sources */ = {isa = PBXBuildFile; fileRef = 9B6793092B1FE0EA00E16177 /* TilinAppApp.swift */; };
		9B67930C2B1FE0EA00E16177 /* ContentView.swift in Sources */ = {isa = PBXBuildFile; fileRef = 9B67930B2B1FE0EA00E16177 /* ContentView.swift */; };
		9B67930E2B1FE0EC00E16177 /* Assets.xcassets in Resources */ = {isa = PBXBuildFile; fileRef = 9B67930D2B1FE0EC00E16177 /* Assets.xcassets */; };
		9B6793112B1FE0EC00E16177 /* Preview Assets.xcassets in Resources */ = {isa = PBXBuildFile; fileRef = 9B6793102B1FE0EC00E16177 /* Preview Assets.xcassets */; };
		9B67931B2B1FE0EC00E16177 /* TilinAppTests.swift in Sources */ = {isa = PBXBuildFile; fileRef = 9B67931A2B1FE0EC00E16177 /* TilinAppTests.swift */; };
		9B6793252B1FE0EC00E16177 /* TilinAppUITests.swift in Sources */ = {isa = PBXBuildFile; fileRef = 9B6793242B1FE0EC00E16177 /* TilinAppUITests.swift */; };
		9B6793272B1FE0EC00E16177 /* TilinAppUITestsLaunchTests.swift in Sources */ = {isa = PBXBuildFile; fileRef = 9B6793262B1FE0EC00E16177 /* TilinAppUITestsLaunchTests.swift */; };
		9BA3B9B32B227E000011B865 /* ProfileDescription.swift in Sources */ = {isa = PBXBuildFile; fileRef = 9BA3B9B22B227E000011B865 /* ProfileDescription.swift */; };
		9BA3B9B52B228A950011B865 /* ProfileNavigation.swift in Sources */ = {isa = PBXBuildFile; fileRef = 9BA3B9B42B228A950011B865 /* ProfileNavigation.swift */; };
		9BA3B9B72B228BED0011B865 /* ProjectDetailView.swift in Sources */ = {isa = PBXBuildFile; fileRef = 9BA3B9B62B228BED0011B865 /* ProjectDetailView.swift */; };
		9BA3B9B92B2292E20011B865 /* MySocialMedia.swift in Sources */ = {isa = PBXBuildFile; fileRef = 9BA3B9B82B2292E20011B865 /* MySocialMedia.swift */; };
		9BB9E2432B1FEB30001A55B4 /* UIelements.swift in Sources */ = {isa = PBXBuildFile; fileRef = 9BB9E2422B1FEB30001A55B4 /* UIelements.swift */; };
/* End PBXBuildFile section */

/* Begin PBXContainerItemProxy section */
		9B6793172B1FE0EC00E16177 /* PBXContainerItemProxy */ = {
			isa = PBXContainerItemProxy;
			containerPortal = 9B6792FE2B1FE0EA00E16177 /* Project object */;
			proxyType = 1;
			remoteGlobalIDString = 9B6793052B1FE0EA00E16177;
			remoteInfo = TilinApp;
		};
		9B6793212B1FE0EC00E16177 /* PBXContainerItemProxy */ = {
			isa = PBXContainerItemProxy;
			containerPortal = 9B6792FE2B1FE0EA00E16177 /* Project object */;
			proxyType = 1;
			remoteGlobalIDString = 9B6793052B1FE0EA00E16177;
			remoteInfo = TilinApp;
		};
/* End PBXContainerItemProxy section */

/* Begin PBXFileReference section */
		9B30E5FF2B212EA600E83A0F /* Person.swift */ = {isa = PBXFileReference; lastKnownFileType = sourcecode.swift; path = Person.swift; sourceTree = "<group>"; };
		9B30E6012B212FA900E83A0F /* Project.swift */ = {isa = PBXFileReference; lastKnownFileType = sourcecode.swift; path = Project.swift; sourceTree = "<group>"; };
		9B30E6032B21303000E83A0F /* SocialMedia.swift */ = {isa = PBXFileReference; lastKnownFileType = sourcecode.swift; path = SocialMedia.swift; sourceTree = "<group>"; };
		9B30E6052B21392700E83A0F /* PersonProfilePicture.swift */ = {isa = PBXFileReference; lastKnownFileType = sourcecode.swift; path = PersonProfilePicture.swift; sourceTree = "<group>"; };
		9B6793062B1FE0EA00E16177 /* TilinApp.app */ = {isa = PBXFileReference; explicitFileType = wrapper.application; includeInIndex = 0; path = TilinApp.app; sourceTree = BUILT_PRODUCTS_DIR; };
		9B6793092B1FE0EA00E16177 /* TilinAppApp.swift */ = {isa = PBXFileReference; lastKnownFileType = sourcecode.swift; path = TilinAppApp.swift; sourceTree = "<group>"; };
		9B67930B2B1FE0EA00E16177 /* ContentView.swift */ = {isa = PBXFileReference; lastKnownFileType = sourcecode.swift; path = ContentView.swift; sourceTree = "<group>"; };
		9B67930D2B1FE0EC00E16177 /* Assets.xcassets */ = {isa = PBXFileReference; lastKnownFileType = folder.assetcatalog; path = Assets.xcassets; sourceTree = "<group>"; };
		9B6793102B1FE0EC00E16177 /* Preview Assets.xcassets */ = {isa = PBXFileReference; lastKnownFileType = folder.assetcatalog; path = "Preview Assets.xcassets"; sourceTree = "<group>"; };
		9B6793162B1FE0EC00E16177 /* TilinAppTests.xctest */ = {isa = PBXFileReference; explicitFileType = wrapper.cfbundle; includeInIndex = 0; path = TilinAppTests.xctest; sourceTree = BUILT_PRODUCTS_DIR; };
		9B67931A2B1FE0EC00E16177 /* TilinAppTests.swift */ = {isa = PBXFileReference; lastKnownFileType = sourcecode.swift; path = TilinAppTests.swift; sourceTree = "<group>"; };
		9B6793202B1FE0EC00E16177 /* TilinAppUITests.xctest */ = {isa = PBXFileReference; explicitFileType = wrapper.cfbundle; includeInIndex = 0; path = TilinAppUITests.xctest; sourceTree = BUILT_PRODUCTS_DIR; };
		9B6793242B1FE0EC00E16177 /* TilinAppUITests.swift */ = {isa = PBXFileReference; lastKnownFileType = sourcecode.swift; path = TilinAppUITests.swift; sourceTree = "<group>"; };
		9B6793262B1FE0EC00E16177 /* TilinAppUITestsLaunchTests.swift */ = {isa = PBXFileReference; lastKnownFileType = sourcecode.swift; path = TilinAppUITestsLaunchTests.swift; sourceTree = "<group>"; };
		9BA3B9B22B227E000011B865 /* ProfileDescription.swift */ = {isa = PBXFileReference; lastKnownFileType = sourcecode.swift; path = ProfileDescription.swift; sourceTree = "<group>"; };
		9BA3B9B42B228A950011B865 /* ProfileNavigation.swift */ = {isa = PBXFileReference; lastKnownFileType = sourcecode.swift; path = ProfileNavigation.swift; sourceTree = "<group>"; };
		9BA3B9B62B228BED0011B865 /* ProjectDetailView.swift */ = {isa = PBXFileReference; lastKnownFileType = sourcecode.swift; path = ProjectDetailView.swift; sourceTree = "<group>"; };
		9BA3B9B82B2292E20011B865 /* MySocialMedia.swift */ = {isa = PBXFileReference; lastKnownFileType = sourcecode.swift; path = MySocialMedia.swift; sourceTree = "<group>"; };
		9BB9E2422B1FEB30001A55B4 /* UIelements.swift */ = {isa = PBXFileReference; lastKnownFileType = sourcecode.swift; path = UIelements.swift; sourceTree = "<group>"; };
/* End PBXFileReference section */

/* Begin PBXFrameworksBuildPhase section */
		9B6793032B1FE0EA00E16177 /* Frameworks */ = {
			isa = PBXFrameworksBuildPhase;
			buildActionMask = 2147483647;
			files = (
			);
			runOnlyForDeploymentPostprocessing = 0;
		};
		9B6793132B1FE0EC00E16177 /* Frameworks */ = {
			isa = PBXFrameworksBuildPhase;
			buildActionMask = 2147483647;
			files = (
			);
			runOnlyForDeploymentPostprocessing = 0;
		};
		9B67931D2B1FE0EC00E16177 /* Frameworks */ = {
			isa = PBXFrameworksBuildPhase;
			buildActionMask = 2147483647;
			files = (
			);
			runOnlyForDeploymentPostprocessing = 0;
		};
/* End PBXFrameworksBuildPhase section */

/* Begin PBXGroup section */
		9B6792FD2B1FE0EA00E16177 = {
			isa = PBXGroup;
			children = (
				9B6793082B1FE0EA00E16177 /* TilinApp */,
				9B6793192B1FE0EC00E16177 /* TilinAppTests */,
				9B6793232B1FE0EC00E16177 /* TilinAppUITests */,
				9B6793072B1FE0EA00E16177 /* Products */,
			);
			sourceTree = "<group>";
		};
		9B6793072B1FE0EA00E16177 /* Products */ = {
			isa = PBXGroup;
			children = (
				9B6793062B1FE0EA00E16177 /* TilinApp.app */,
				9B6793162B1FE0EC00E16177 /* TilinAppTests.xctest */,
				9B6793202B1FE0EC00E16177 /* TilinAppUITests.xctest */,
			);
			name = Products;
			sourceTree = "<group>";
		};
		9B6793082B1FE0EA00E16177 /* TilinApp */ = {
			isa = PBXGroup;
			children = (
				9B6793092B1FE0EA00E16177 /* TilinAppApp.swift */,
				9B67930B2B1FE0EA00E16177 /* ContentView.swift */,
				9BB9E2412B1FEA6C001A55B4 /* Models */,
				9BB9E23F2B1FEA0E001A55B4 /* Views */,
				9B67930D2B1FE0EC00E16177 /* Assets.xcassets */,
				9B67930F2B1FE0EC00E16177 /* Preview Content */,
			);
			path = TilinApp;
			sourceTree = "<group>";
		};
		9B67930F2B1FE0EC00E16177 /* Preview Content */ = {
			isa = PBXGroup;
			children = (
				9B6793102B1FE0EC00E16177 /* Preview Assets.xcassets */,
			);
			path = "Preview Content";
			sourceTree = "<group>";
		};
		9B6793192B1FE0EC00E16177 /* TilinAppTests */ = {
			isa = PBXGroup;
			children = (
				9B67931A2B1FE0EC00E16177 /* TilinAppTests.swift */,
			);
			path = TilinAppTests;
			sourceTree = "<group>";
		};
		9B6793232B1FE0EC00E16177 /* TilinAppUITests */ = {
			isa = PBXGroup;
			children = (
				9B6793242B1FE0EC00E16177 /* TilinAppUITests.swift */,
				9B6793262B1FE0EC00E16177 /* TilinAppUITestsLaunchTests.swift */,
			);
			path = TilinAppUITests;
			sourceTree = "<group>";
		};
		9BB9E23F2B1FEA0E001A55B4 /* Views */ = {
			isa = PBXGroup;
			children = (
				9BB9E2422B1FEB30001A55B4 /* UIelements.swift */,
				9BA3B9B42B228A950011B865 /* ProfileNavigation.swift */,
				9BA3B9B62B228BED0011B865 /* ProjectDetailView.swift */,
				9BA3B9B82B2292E20011B865 /* MySocialMedia.swift */,
				9B30E6052B21392700E83A0F /* PersonProfilePicture.swift */,
				9BA3B9B22B227E000011B865 /* ProfileDescription.swift */,
			);
			path = Views;
			sourceTree = "<group>";
		};
		9BB9E2412B1FEA6C001A55B4 /* Models */ = {
			isa = PBXGroup;
			children = (
				9B30E5FF2B212EA600E83A0F /* Person.swift */,
				9B30E6012B212FA900E83A0F /* Project.swift */,
				9B30E6032B21303000E83A0F /* SocialMedia.swift */,
			);
			path = Models;
			sourceTree = "<group>";
		};
/* End PBXGroup section */

/* Begin PBXNativeTarget section */
		9B6793052B1FE0EA00E16177 /* TilinApp */ = {
			isa = PBXNativeTarget;
			buildConfigurationList = 9B67932A2B1FE0EC00E16177 /* Build configuration list for PBXNativeTarget "TilinApp" */;
			buildPhases = (
				9B6793022B1FE0EA00E16177 /* Sources */,
				9B6793032B1FE0EA00E16177 /* Frameworks */,
				9B6793042B1FE0EA00E16177 /* Resources */,
			);
			buildRules = (
			);
			dependencies = (
			);
			name = TilinApp;
			productName = TilinApp;
			productReference = 9B6793062B1FE0EA00E16177 /* TilinApp.app */;
			productType = "com.apple.product-type.application";
		};
		9B6793152B1FE0EC00E16177 /* TilinAppTests */ = {
			isa = PBXNativeTarget;
			buildConfigurationList = 9B67932D2B1FE0EC00E16177 /* Build configuration list for PBXNativeTarget "TilinAppTests" */;
			buildPhases = (
				9B6793122B1FE0EC00E16177 /* Sources */,
				9B6793132B1FE0EC00E16177 /* Frameworks */,
				9B6793142B1FE0EC00E16177 /* Resources */,
			);
			buildRules = (
			);
			dependencies = (
				9B6793182B1FE0EC00E16177 /* PBXTargetDependency */,
			);
			name = TilinAppTests;
			productName = TilinAppTests;
			productReference = 9B6793162B1FE0EC00E16177 /* TilinAppTests.xctest */;
			productType = "com.apple.product-type.bundle.unit-test";
		};
		9B67931F2B1FE0EC00E16177 /* TilinAppUITests */ = {
			isa = PBXNativeTarget;
			buildConfigurationList = 9B6793302B1FE0EC00E16177 /* Build configuration list for PBXNativeTarget "TilinAppUITests" */;
			buildPhases = (
				9B67931C2B1FE0EC00E16177 /* Sources */,
				9B67931D2B1FE0EC00E16177 /* Frameworks */,
				9B67931E2B1FE0EC00E16177 /* Resources */,
			);
			buildRules = (
			);
			dependencies = (
				9B6793222B1FE0EC00E16177 /* PBXTargetDependency */,
			);
			name = TilinAppUITests;
			productName = TilinAppUITests;
			productReference = 9B6793202B1FE0EC00E16177 /* TilinAppUITests.xctest */;
			productType = "com.apple.product-type.bundle.ui-testing";
		};
/* End PBXNativeTarget section */

/* Begin PBXProject section */
		9B6792FE2B1FE0EA00E16177 /* Project object */ = {
			isa = PBXProject;
			attributes = {
				BuildIndependentTargetsInParallel = 1;
				LastSwiftUpdateCheck = 1400;
				LastUpgradeCheck = 1400;
				TargetAttributes = {
					9B6793052B1FE0EA00E16177 = {
						CreatedOnToolsVersion = 14.0.1;
					};
					9B6793152B1FE0EC00E16177 = {
						CreatedOnToolsVersion = 14.0.1;
						TestTargetID = 9B6793052B1FE0EA00E16177;
					};
					9B67931F2B1FE0EC00E16177 = {
						CreatedOnToolsVersion = 14.0.1;
						TestTargetID = 9B6793052B1FE0EA00E16177;
					};
				};
			};
			buildConfigurationList = 9B6793012B1FE0EA00E16177 /* Build configuration list for PBXProject "TilinApp" */;
			compatibilityVersion = "Xcode 14.0";
			developmentRegion = en;
			hasScannedForEncodings = 0;
			knownRegions = (
				en,
				Base,
			);
			mainGroup = 9B6792FD2B1FE0EA00E16177;
			productRefGroup = 9B6793072B1FE0EA00E16177 /* Products */;
			projectDirPath = "";
			projectRoot = "";
			targets = (
				9B6793052B1FE0EA00E16177 /* TilinApp */,
				9B6793152B1FE0EC00E16177 /* TilinAppTests */,
				9B67931F2B1FE0EC00E16177 /* TilinAppUITests */,
			);
		};
/* End PBXProject section */

/* Begin PBXResourcesBuildPhase section */
		9B6793042B1FE0EA00E16177 /* Resources */ = {
			isa = PBXResourcesBuildPhase;
			buildActionMask = 2147483647;
			files = (
				9B6793112B1FE0EC00E16177 /* Preview Assets.xcassets in Resources */,
				9B67930E2B1FE0EC00E16177 /* Assets.xcassets in Resources */,
			);
			runOnlyForDeploymentPostprocessing = 0;
		};
		9B6793142B1FE0EC00E16177 /* Resources */ = {
			isa = PBXResourcesBuildPhase;
			buildActionMask = 2147483647;
			files = (
			);
			runOnlyForDeploymentPostprocessing = 0;
		};
		9B67931E2B1FE0EC00E16177 /* Resources */ = {
			isa = PBXResourcesBuildPhase;
			buildActionMask = 2147483647;
			files = (
			);
			runOnlyForDeploymentPostprocessing = 0;
		};
/* End PBXResourcesBuildPhase section */

/* Begin PBXSourcesBuildPhase section */
		9B6793022B1FE0EA00E16177 /* Sources */ = {
			isa = PBXSourcesBuildPhase;
			buildActionMask = 2147483647;
			files = (
				9BA3B9B32B227E000011B865 /* ProfileDescription.swift in Sources */,
				9BB9E2432B1FEB30001A55B4 /* UIelements.swift in Sources */,
				9B67930C2B1FE0EA00E16177 /* ContentView.swift in Sources */,
				9B30E6002B212EA600E83A0F /* Person.swift in Sources */,
				9B30E6042B21303000E83A0F /* SocialMedia.swift in Sources */,
				9B30E6062B21392700E83A0F /* PersonProfilePicture.swift in Sources */,
				9BA3B9B92B2292E20011B865 /* MySocialMedia.swift in Sources */,
				9BA3B9B52B228A950011B865 /* ProfileNavigation.swift in Sources */,
				9BA3B9B72B228BED0011B865 /* ProjectDetailView.swift in Sources */,
				9B30E6022B212FA900E83A0F /* Project.swift in Sources */,
				9B67930A2B1FE0EA00E16177 /* TilinAppApp.swift in Sources */,
			);
			runOnlyForDeploymentPostprocessing = 0;
		};
		9B6793122B1FE0EC00E16177 /* Sources */ = {
			isa = PBXSourcesBuildPhase;
			buildActionMask = 2147483647;
			files = (
				9B67931B2B1FE0EC00E16177 /* TilinAppTests.swift in Sources */,
			);
			runOnlyForDeploymentPostprocessing = 0;
		};
		9B67931C2B1FE0EC00E16177 /* Sources */ = {
			isa = PBXSourcesBuildPhase;
			buildActionMask = 2147483647;
			files = (
				9B6793272B1FE0EC00E16177 /* TilinAppUITestsLaunchTests.swift in Sources */,
				9B6793252B1FE0EC00E16177 /* TilinAppUITests.swift in Sources */,
			);
			runOnlyForDeploymentPostprocessing = 0;
		};
/* End PBXSourcesBuildPhase section */

/* Begin PBXTargetDependency section */
		9B6793182B1FE0EC00E16177 /* PBXTargetDependency */ = {
			isa = PBXTargetDependency;
			target = 9B6793052B1FE0EA00E16177 /* TilinApp */;
			targetProxy = 9B6793172B1FE0EC00E16177 /* PBXContainerItemProxy */;
		};
		9B6793222B1FE0EC00E16177 /* PBXTargetDependency */ = {
			isa = PBXTargetDependency;
			target = 9B6793052B1FE0EA00E16177 /* TilinApp */;
			targetProxy = 9B6793212B1FE0EC00E16177 /* PBXContainerItemProxy */;
		};
/* End PBXTargetDependency section */

/* Begin XCBuildConfiguration section */
		9B6793282B1FE0EC00E16177 /* Debug */ = {
			isa = XCBuildConfiguration;
			buildSettings = {
				ALWAYS_SEARCH_USER_PATHS = NO;
				CLANG_ANALYZER_NONNULL = YES;
				CLANG_ANALYZER_NUMBER_OBJECT_CONVERSION = YES_AGGRESSIVE;
				CLANG_CXX_LANGUAGE_STANDARD = "gnu++20";
				CLANG_ENABLE_MODULES = YES;
				CLANG_ENABLE_OBJC_ARC = YES;
				CLANG_ENABLE_OBJC_WEAK = YES;
				CLANG_WARN_BLOCK_CAPTURE_AUTORELEASING = YES;
				CLANG_WARN_BOOL_CONVERSION = YES;
				CLANG_WARN_COMMA = YES;
				CLANG_WARN_CONSTANT_CONVERSION = YES;
				CLANG_WARN_DEPRECATED_OBJC_IMPLEMENTATIONS = YES;
				CLANG_WARN_DIRECT_OBJC_ISA_USAGE = YES_ERROR;
				CLANG_WARN_DOCUMENTATION_COMMENTS = YES;
				CLANG_WARN_EMPTY_BODY = YES;
				CLANG_WARN_ENUM_CONVERSION = YES;
				CLANG_WARN_INFINITE_RECURSION = YES;
				CLANG_WARN_INT_CONVERSION = YES;
				CLANG_WARN_NON_LITERAL_NULL_CONVERSION = YES;
				CLANG_WARN_OBJC_IMPLICIT_RETAIN_SELF = YES;
				CLANG_WARN_OBJC_LITERAL_CONVERSION = YES;
				CLANG_WARN_OBJC_ROOT_CLASS = YES_ERROR;
				CLANG_WARN_QUOTED_INCLUDE_IN_FRAMEWORK_HEADER = YES;
				CLANG_WARN_RANGE_LOOP_ANALYSIS = YES;
				CLANG_WARN_STRICT_PROTOTYPES = YES;
				CLANG_WARN_SUSPICIOUS_MOVE = YES;
				CLANG_WARN_UNGUARDED_AVAILABILITY = YES_AGGRESSIVE;
				CLANG_WARN_UNREACHABLE_CODE = YES;
				CLANG_WARN__DUPLICATE_METHOD_MATCH = YES;
				COPY_PHASE_STRIP = NO;
				DEBUG_INFORMATION_FORMAT = dwarf;
				ENABLE_STRICT_OBJC_MSGSEND = YES;
				ENABLE_TESTABILITY = YES;
				GCC_C_LANGUAGE_STANDARD = gnu11;
				GCC_DYNAMIC_NO_PIC = NO;
				GCC_NO_COMMON_BLOCKS = YES;
				GCC_OPTIMIZATION_LEVEL = 0;
				GCC_PREPROCESSOR_DEFINITIONS = (
					"DEBUG=1",
					"$(inherited)",
				);
				GCC_WARN_64_TO_32_BIT_CONVERSION = YES;
				GCC_WARN_ABOUT_RETURN_TYPE = YES_ERROR;
				GCC_WARN_UNDECLARED_SELECTOR = YES;
				GCC_WARN_UNINITIALIZED_AUTOS = YES_AGGRESSIVE;
				GCC_WARN_UNUSED_FUNCTION = YES;
				GCC_WARN_UNUSED_VARIABLE = YES;
				IPHONEOS_DEPLOYMENT_TARGET = 16.0;
				MTL_ENABLE_DEBUG_INFO = INCLUDE_SOURCE;
				MTL_FAST_MATH = YES;
				ONLY_ACTIVE_ARCH = YES;
				SDKROOT = iphoneos;
				SWIFT_ACTIVE_COMPILATION_CONDITIONS = DEBUG;
				SWIFT_OPTIMIZATION_LEVEL = "-Onone";
			};
			name = Debug;
		};
		9B6793292B1FE0EC00E16177 /* Release */ = {
			isa = XCBuildConfiguration;
			buildSettings = {
				ALWAYS_SEARCH_USER_PATHS = NO;
				CLANG_ANALYZER_NONNULL = YES;
				CLANG_ANALYZER_NUMBER_OBJECT_CONVERSION = YES_AGGRESSIVE;
				CLANG_CXX_LANGUAGE_STANDARD = "gnu++20";
				CLANG_ENABLE_MODULES = YES;
				CLANG_ENABLE_OBJC_ARC = YES;
				CLANG_ENABLE_OBJC_WEAK = YES;
				CLANG_WARN_BLOCK_CAPTURE_AUTORELEASING = YES;
				CLANG_WARN_BOOL_CONVERSION = YES;
				CLANG_WARN_COMMA = YES;
				CLANG_WARN_CONSTANT_CONVERSION = YES;
				CLANG_WARN_DEPRECATED_OBJC_IMPLEMENTATIONS = YES;
				CLANG_WARN_DIRECT_OBJC_ISA_USAGE = YES_ERROR;
				CLANG_WARN_DOCUMENTATION_COMMENTS = YES;
				CLANG_WARN_EMPTY_BODY = YES;
				CLANG_WARN_ENUM_CONVERSION = YES;
				CLANG_WARN_INFINITE_RECURSION = YES;
				CLANG_WARN_INT_CONVERSION = YES;
				CLANG_WARN_NON_LITERAL_NULL_CONVERSION = YES;
				CLANG_WARN_OBJC_IMPLICIT_RETAIN_SELF = YES;
				CLANG_WARN_OBJC_LITERAL_CONVERSION = YES;
				CLANG_WARN_OBJC_ROOT_CLASS = YES_ERROR;
				CLANG_WARN_QUOTED_INCLUDE_IN_FRAMEWORK_HEADER = YES;
				CLANG_WARN_RANGE_LOOP_ANALYSIS = YES;
				CLANG_WARN_STRICT_PROTOTYPES = YES;
				CLANG_WARN_SUSPICIOUS_MOVE = YES;
				CLANG_WARN_UNGUARDED_AVAILABILITY = YES_AGGRESSIVE;
				CLANG_WARN_UNREACHABLE_CODE = YES;
				CLANG_WARN__DUPLICATE_METHOD_MATCH = YES;
				COPY_PHASE_STRIP = NO;
				DEBUG_INFORMATION_FORMAT = "dwarf-with-dsym";
				ENABLE_NS_ASSERTIONS = NO;
				ENABLE_STRICT_OBJC_MSGSEND = YES;
				GCC_C_LANGUAGE_STANDARD = gnu11;
				GCC_NO_COMMON_BLOCKS = YES;
				GCC_WARN_64_TO_32_BIT_CONVERSION = YES;
				GCC_WARN_ABOUT_RETURN_TYPE = YES_ERROR;
				GCC_WARN_UNDECLARED_SELECTOR = YES;
				GCC_WARN_UNINITIALIZED_AUTOS = YES_AGGRESSIVE;
				GCC_WARN_UNUSED_FUNCTION = YES;
				GCC_WARN_UNUSED_VARIABLE = YES;
				IPHONEOS_DEPLOYMENT_TARGET = 16.0;
				MTL_ENABLE_DEBUG_INFO = NO;
				MTL_FAST_MATH = YES;
				SDKROOT = iphoneos;
				SWIFT_COMPILATION_MODE = wholemodule;
				SWIFT_OPTIMIZATION_LEVEL = "-O";
				VALIDATE_PRODUCT = YES;
			};
			name = Release;
		};
		9B67932B2B1FE0EC00E16177 /* Debug */ = {
			isa = XCBuildConfiguration;
			buildSettings = {
				ASSETCATALOG_COMPILER_APPICON_NAME = AppIcon;
				ASSETCATALOG_COMPILER_GLOBAL_ACCENT_COLOR_NAME = AccentColor;
				CODE_SIGN_STYLE = Automatic;
				CURRENT_PROJECT_VERSION = 1;
				DEVELOPMENT_ASSET_PATHS = "\"TilinApp/Preview Content\"";
				ENABLE_PREVIEWS = YES;
				GENERATE_INFOPLIST_FILE = YES;
				INFOPLIST_KEY_CFBundleDisplayName = "John Pork";
				INFOPLIST_KEY_UIApplicationSceneManifest_Generation = YES;
				INFOPLIST_KEY_UIApplicationSupportsIndirectInputEvents = YES;
				INFOPLIST_KEY_UILaunchScreen_Generation = YES;
				INFOPLIST_KEY_UISupportedInterfaceOrientations_iPad = "UIInterfaceOrientationPortrait UIInterfaceOrientationPortraitUpsideDown UIInterfaceOrientationLandscapeLeft UIInterfaceOrientationLandscapeRight";
				INFOPLIST_KEY_UISupportedInterfaceOrientations_iPhone = "UIInterfaceOrientationPortrait UIInterfaceOrientationLandscapeLeft UIInterfaceOrientationLandscapeRight";
				LD_RUNPATH_SEARCH_PATHS = (
					"$(inherited)",
					"@executable_path/Frameworks",
				);
				MARKETING_VERSION = 1.0;
				PRODUCT_BUNDLE_IDENTIFIER = com.tilinDevelopers.TilinApp;
				PRODUCT_NAME = "$(TARGET_NAME)";
				SWIFT_EMIT_LOC_STRINGS = YES;
				SWIFT_VERSION = 5.0;
				TARGETED_DEVICE_FAMILY = "1,2";
			};
			name = Debug;
		};
		9B67932C2B1FE0EC00E16177 /* Release */ = {
			isa = XCBuildConfiguration;
			buildSettings = {
				ASSETCATALOG_COMPILER_APPICON_NAME = AppIcon;
				ASSETCATALOG_COMPILER_GLOBAL_ACCENT_COLOR_NAME = AccentColor;
				CODE_SIGN_STYLE = Automatic;
				CURRENT_PROJECT_VERSION = 1;
				DEVELOPMENT_ASSET_PATHS = "\"TilinApp/Preview Content\"";
				ENABLE_PREVIEWS = YES;
				GENERATE_INFOPLIST_FILE = YES;
				INFOPLIST_KEY_CFBundleDisplayName = "John Pork";
				INFOPLIST_KEY_UIApplicationSceneManifest_Generation = YES;
				INFOPLIST_KEY_UIApplicationSupportsIndirectInputEvents = YES;
				INFOPLIST_KEY_UILaunchScreen_Generation = YES;
				INFOPLIST_KEY_UISupportedInterfaceOrientations_iPad = "UIInterfaceOrientationPortrait UIInterfaceOrientationPortraitUpsideDown UIInterfaceOrientationLandscapeLeft UIInterfaceOrientationLandscapeRight";
				INFOPLIST_KEY_UISupportedInterfaceOrientations_iPhone = "UIInterfaceOrientationPortrait UIInterfaceOrientationLandscapeLeft UIInterfaceOrientationLandscapeRight";
				LD_RUNPATH_SEARCH_PATHS = (
					"$(inherited)",
					"@executable_path/Frameworks",
				);
				MARKETING_VERSION = 1.0;
				PRODUCT_BUNDLE_IDENTIFIER = com.tilinDevelopers.TilinApp;
				PRODUCT_NAME = "$(TARGET_NAME)";
				SWIFT_EMIT_LOC_STRINGS = YES;
				SWIFT_VERSION = 5.0;
				TARGETED_DEVICE_FAMILY = "1,2";
			};
			name = Release;
		};
		9B67932E2B1FE0EC00E16177 /* Debug */ = {
			isa = XCBuildConfiguration;
			buildSettings = {
				ALWAYS_EMBED_SWIFT_STANDARD_LIBRARIES = YES;
				BUNDLE_LOADER = "$(TEST_HOST)";
				CODE_SIGN_STYLE = Automatic;
				CURRENT_PROJECT_VERSION = 1;
				GENERATE_INFOPLIST_FILE = YES;
				IPHONEOS_DEPLOYMENT_TARGET = 16.0;
				MARKETING_VERSION = 1.0;
				PRODUCT_BUNDLE_IDENTIFIER = com.tilinDevelopers.TilinAppTests;
				PRODUCT_NAME = "$(TARGET_NAME)";
				SWIFT_EMIT_LOC_STRINGS = NO;
				SWIFT_VERSION = 5.0;
				TARGETED_DEVICE_FAMILY = "1,2";
				TEST_HOST = "$(BUILT_PRODUCTS_DIR)/TilinApp.app/$(BUNDLE_EXECUTABLE_FOLDER_PATH)/TilinApp";
			};
			name = Debug;
		};
		9B67932F2B1FE0EC00E16177 /* Release */ = {
			isa = XCBuildConfiguration;
			buildSettings = {
				ALWAYS_EMBED_SWIFT_STANDARD_LIBRARIES = YES;
				BUNDLE_LOADER = "$(TEST_HOST)";
				CODE_SIGN_STYLE = Automatic;
				CURRENT_PROJECT_VERSION = 1;
				GENERATE_INFOPLIST_FILE = YES;
				IPHONEOS_DEPLOYMENT_TARGET = 16.0;
				MARKETING_VERSION = 1.0;
				PRODUCT_BUNDLE_IDENTIFIER = com.tilinDevelopers.TilinAppTests;
				PRODUCT_NAME = "$(TARGET_NAME)";
				SWIFT_EMIT_LOC_STRINGS = NO;
				SWIFT_VERSION = 5.0;
				TARGETED_DEVICE_FAMILY = "1,2";
				TEST_HOST = "$(BUILT_PRODUCTS_DIR)/TilinApp.app/$(BUNDLE_EXECUTABLE_FOLDER_PATH)/TilinApp";
			};
			name = Release;
		};
		9B6793312B1FE0EC00E16177 /* Debug */ = {
			isa = XCBuildConfiguration;
			buildSettings = {
				ALWAYS_EMBED_SWIFT_STANDARD_LIBRARIES = YES;
				CODE_SIGN_STYLE = Automatic;
				CURRENT_PROJECT_VERSION = 1;
				GENERATE_INFOPLIST_FILE = YES;
				MARKETING_VERSION = 1.0;
				PRODUCT_BUNDLE_IDENTIFIER = com.tilinDevelopers.TilinAppUITests;
				PRODUCT_NAME = "$(TARGET_NAME)";
				SWIFT_EMIT_LOC_STRINGS = NO;
				SWIFT_VERSION = 5.0;
				TARGETED_DEVICE_FAMILY = "1,2";
				TEST_TARGET_NAME = TilinApp;
			};
			name = Debug;
		};
		9B6793322B1FE0EC00E16177 /* Release */ = {
			isa = XCBuildConfiguration;
			buildSettings = {
				ALWAYS_EMBED_SWIFT_STANDARD_LIBRARIES = YES;
				CODE_SIGN_STYLE = Automatic;
				CURRENT_PROJECT_VERSION = 1;
				GENERATE_INFOPLIST_FILE = YES;
				MARKETING_VERSION = 1.0;
				PRODUCT_BUNDLE_IDENTIFIER = com.tilinDevelopers.TilinAppUITests;
				PRODUCT_NAME = "$(TARGET_NAME)";
				SWIFT_EMIT_LOC_STRINGS = NO;
				SWIFT_VERSION = 5.0;
				TARGETED_DEVICE_FAMILY = "1,2";
				TEST_TARGET_NAME = TilinApp;
			};
			name = Release;
		};
/* End XCBuildConfiguration section */

/* Begin XCConfigurationList section */
		9B6793012B1FE0EA00E16177 /* Build configuration list for PBXProject "TilinApp" */ = {
			isa = XCConfigurationList;
			buildConfigurations = (
				9B6793282B1FE0EC00E16177 /* Debug */,
				9B6793292B1FE0EC00E16177 /* Release */,
			);
			defaultConfigurationIsVisible = 0;
			defaultConfigurationName = Release;
		};
		9B67932A2B1FE0EC00E16177 /* Build configuration list for PBXNativeTarget "TilinApp" */ = {
			isa = XCConfigurationList;
			buildConfigurations = (
				9B67932B2B1FE0EC00E16177 /* Debug */,
				9B67932C2B1FE0EC00E16177 /* Release */,
			);
			defaultConfigurationIsVisible = 0;
			defaultConfigurationName = Release;
		};
		9B67932D2B1FE0EC00E16177 /* Build configuration list for PBXNativeTarget "TilinAppTests" */ = {
			isa = XCConfigurationList;
			buildConfigurations = (
				9B67932E2B1FE0EC00E16177 /* Debug */,
				9B67932F2B1FE0EC00E16177 /* Release */,
			);
			defaultConfigurationIsVisible = 0;
			defaultConfigurationName = Release;
		};
		9B6793302B1FE0EC00E16177 /* Build configuration list for PBXNativeTarget "TilinAppUITests" */ = {
			isa = XCConfigurationList;
			buildConfigurations = (
				9B6793312B1FE0EC00E16177 /* Debug */,
				9B6793322B1FE0EC00E16177 /* Release */,
			);
			defaultConfigurationIsVisible = 0;
			defaultConfigurationName = Release;
		};
/* End XCConfigurationList section */
	};
	rootObject = 9B6792FE2B1FE0EA00E16177 /* Project object */;
}
